
Microsoft Visual Studio Solution File, Format Version 12.00
# Visual Studio 15
VisualStudioVersion = 15.0.28010.2046
MinimumVisualStudioVersion = 10.0.40219.1
Project("{9A19103F-16F7-4668-BE54-9A1E7A4F7556}") = "demo5webapi", "demo5webapi\demo5webapi.csproj", "{FAB6AF0C-A88E-438B-930A-44BA401665F5}"
EndProject
Project("{E24C65DC-7377-472B-9ABA-BC803B73C61A}") = "Blog.Vue-master", "..\demo4blogvue\Blog.Vue-master\", "{69DD0B6A-0D86-4900-8BDA-C5F757286005}"
	ProjectSection(WebsiteProperties) = preProject
		TargetFrameworkMoniker = ".NETFramework,Version%3Dv4.0"
		Debug.AspNetCompiler.VirtualPath = "/localhost_56957"
		Debug.AspNetCompiler.PhysicalPath = "..\demo4blogvue\Blog.Vue-master\"
		Debug.AspNetCompiler.TargetPath = "PrecompiledWeb\localhost_56957\"
		Debug.AspNetCompiler.Updateable = "true"
		Debug.AspNetCompiler.ForceOverwrite = "true"
		Debug.AspNetCompiler.FixedNames = "false"
		Debug.AspNetCompiler.Debug = "True"
		Release.AspNetCompiler.VirtualPath = "/localhost_56957"
		Release.AspNetCompiler.PhysicalPath = "..\demo4blogvue\Blog.Vue-master\"
		Release.AspNetCompiler.TargetPath = "PrecompiledWeb\localhost_56957\"
		Release.AspNetCompiler.Updateable = "true"
		Release.AspNetCompiler.ForceOverwrite = "true"
		Release.AspNetCompiler.FixedNames = "false"
		Release.AspNetCompiler.Debug = "False"
		VWDPort = "56957"
		SlnRelativePath = "..\demo4blogvue\Blog.Vue-master\"
	EndProjectSection
EndProject
Global
	GlobalSection(SolutionConfigurationPlatforms) = preSolution
		Debug|Any CPU = Debug|Any CPU
		Release|Any CPU = Release|Any CPU
	EndGlobalSection
	GlobalSection(ProjectConfigurationPlatforms) = postSolution
		{FAB6AF0C-A88E-438B-930A-44BA401665F5}.Debug|Any CPU.ActiveCfg = Debug|Any CPU
		{FAB6AF0C-A88E-438B-930A-44BA401665F5}.Debug|Any CPU.Build.0 = Debug|Any CPU
		{FAB6AF0C-A88E-438B-930A-44BA401665F5}.Release|Any CPU.ActiveCfg = Release|Any CPU
		{FAB6AF0C-A88E-438B-930A-44BA401665F5}.Release|Any CPU.Build.0 = Release|Any CPU
		{69DD0B6A-0D86-4900-8BDA-C5F757286005}.Debug|Any CPU.ActiveCfg = Debug|Any CPU
		{69DD0B6A-0D86-4900-8BDA-C5F757286005}.Debug|Any CPU.Build.0 = Debug|Any CPU
		{69DD0B6A-0D86-4900-8BDA-C5F757286005}.Release|Any CPU.ActiveCfg = Debug|Any CPU
		{69DD0B6A-0D86-4900-8BDA-C5F757286005}.Release|Any CPU.Build.0 = Debug|Any CPU
	EndGlobalSection
	GlobalSection(SolutionProperties) = preSolution
		HideSolutionNode = FALSE
	EndGlobalSection
	GlobalSection(ExtensibilityGlobals) = postSolution
		SolutionGuid = {DBBB6D89-A809-4B5D-9163-FF6315153CB7}
	EndGlobalSection
EndGlobal
